
Microsoft Visual Studio Solution File, Format Version 12.00
# Visual Studio Version 16
VisualStudioVersion = 16.0.29411.108
MinimumVisualStudioVersion = 10.0.40219.1
Project("{9A19103F-16F7-4668-BE54-9A1E7A4F7556}") = "AngularSPA", "AngularSPA\AngularSPA.csproj", "{917A7665-F772-4D96-80E5-116EF9678BF2}"
EndProject
Project("{9A19103F-16F7-4668-BE54-9A1E7A4F7556}") = "YoutubeApp.Core", "YoutubeApp.Core\YoutubeApp.Core.csproj", "{9A32AE3F-C008-4FEE-B070-42EB24CC1B95}"
EndProject
Project("{9A19103F-16F7-4668-BE54-9A1E7A4F7556}") = "YouTubeApp.Data", "YouTubeApp.Data\YouTubeApp.Data.csproj", "{0022CB65-7007-4A7F-92F5-E7000B9FD8B4}"
EndProject
Project("{9A19103F-16F7-4668-BE54-9A1E7A4F7556}") = "YouTube.Services", "YouTube.Services\YouTube.Services.csproj", "{B8325946-1F5D-4B2B-89AC-47112C8AB5AA}"
EndProject
Project("{FAE04EC0-301F-11D3-BF4B-00C04F79EFBC}") = "YouTubeApp.Service.Test", "YouTubeApp.Service.Test\YouTubeApp.Service.Test.csproj", "{4AF34438-FCB5-48FA-A208-1C308CF6BECD}"
EndProject
Project("{FAE04EC0-301F-11D3-BF4B-00C04F79EFBC}") = "AngularSPA.Test", "AngularSPA.Test\AngularSPA.Test.csproj", "{EBAB1994-2CB0-4BBB-AACA-6A8CD00D28FA}"
EndProject
Project("{2150E333-8FDC-42A3-9474-1A3956D46DE8}") = "Presentation", "Presentation", "{F1CBA18E-CB26-4E94-B126-DACBD49B3C76}"
EndProject
Project("{2150E333-8FDC-42A3-9474-1A3956D46DE8}") = "Libraries", "Libraries", "{7CF42310-0337-4801-94AC-F7DD403E39BD}"
EndProject
Project("{2150E333-8FDC-42A3-9474-1A3956D46DE8}") = "Tests", "Tests", "{C5EC916E-24F6-4B44-93FA-1365548435E2}"
EndProject
Global
	GlobalSection(SolutionConfigurationPlatforms) = preSolution
		Debug|Any CPU = Debug|Any CPU
		Release|Any CPU = Release|Any CPU
	EndGlobalSection
	GlobalSection(ProjectConfigurationPlatforms) = postSolution
		{917A7665-F772-4D96-80E5-116EF9678BF2}.Debug|Any CPU.ActiveCfg = Debug|Any CPU
		{917A7665-F772-4D96-80E5-116EF9678BF2}.Debug|Any CPU.Build.0 = Debug|Any CPU
		{917A7665-F772-4D96-80E5-116EF9678BF2}.Release|Any CPU.ActiveCfg = Release|Any CPU
		{917A7665-F772-4D96-80E5-116EF9678BF2}.Release|Any CPU.Build.0 = Release|Any CPU
		{9A32AE3F-C008-4FEE-B070-42EB24CC1B95}.Debug|Any CPU.ActiveCfg = Debug|Any CPU
		{9A32AE3F-C008-4FEE-B070-42EB24CC1B95}.Debug|Any CPU.Build.0 = Debug|Any CPU
		{9A32AE3F-C008-4FEE-B070-42EB24CC1B95}.Release|Any CPU.ActiveCfg = Release|Any CPU
		{9A32AE3F-C008-4FEE-B070-42EB24CC1B95}.Release|Any CPU.Build.0 = Release|Any CPU
		{0022CB65-7007-4A7F-92F5-E7000B9FD8B4}.Debug|Any CPU.ActiveCfg = Debug|Any CPU
		{0022CB65-7007-4A7F-92F5-E7000B9FD8B4}.Debug|Any CPU.Build.0 = Debug|Any CPU
		{0022CB65-7007-4A7F-92F5-E7000B9FD8B4}.Release|Any CPU.ActiveCfg = Release|Any CPU
		{0022CB65-7007-4A7F-92F5-E7000B9FD8B4}.Release|Any CPU.Build.0 = Release|Any CPU
		{B8325946-1F5D-4B2B-89AC-47112C8AB5AA}.Debug|Any CPU.ActiveCfg = Debug|Any CPU
		{B8325946-1F5D-4B2B-89AC-47112C8AB5AA}.Debug|Any CPU.Build.0 = Debug|Any CPU
		{B8325946-1F5D-4B2B-89AC-47112C8AB5AA}.Release|Any CPU.ActiveCfg = Release|Any CPU
		{B8325946-1F5D-4B2B-89AC-47112C8AB5AA}.Release|Any CPU.Build.0 = Release|Any CPU
		{4AF34438-FCB5-48FA-A208-1C308CF6BECD}.Debug|Any CPU.ActiveCfg = Debug|Any CPU
		{4AF34438-FCB5-48FA-A208-1C308CF6BECD}.Debug|Any CPU.Build.0 = Debug|Any CPU
		{4AF34438-FCB5-48FA-A208-1C308CF6BECD}.Release|Any CPU.ActiveCfg = Release|Any CPU
		{4AF34438-FCB5-48FA-A208-1C308CF6BECD}.Release|Any CPU.Build.0 = Release|Any CPU
		{EBAB1994-2CB0-4BBB-AACA-6A8CD00D28FA}.Debug|Any CPU.ActiveCfg = Debug|Any CPU
		{EBAB1994-2CB0-4BBB-AACA-6A8CD00D28FA}.Debug|Any CPU.Build.0 = Debug|Any CPU
		{EBAB1994-2CB0-4BBB-AACA-6A8CD00D28FA}.Release|Any CPU.ActiveCfg = Release|Any CPU
		{EBAB1994-2CB0-4BBB-AACA-6A8CD00D28FA}.Release|Any CPU.Build.0 = Release|Any CPU
	EndGlobalSection
	GlobalSection(SolutionProperties) = preSolution
		HideSolutionNode = FALSE
	EndGlobalSection
	GlobalSection(NestedProjects) = preSolution
		{917A7665-F772-4D96-80E5-116EF9678BF2} = {F1CBA18E-CB26-4E94-B126-DACBD49B3C76}
		{9A32AE3F-C008-4FEE-B070-42EB24CC1B95} = {7CF42310-0337-4801-94AC-F7DD403E39BD}
		{0022CB65-7007-4A7F-92F5-E7000B9FD8B4} = {7CF42310-0337-4801-94AC-F7DD403E39BD}
		{B8325946-1F5D-4B2B-89AC-47112C8AB5AA} = {7CF42310-0337-4801-94AC-F7DD403E39BD}
		{4AF34438-FCB5-48FA-A208-1C308CF6BECD} = {C5EC916E-24F6-4B44-93FA-1365548435E2}
		{EBAB1994-2CB0-4BBB-AACA-6A8CD00D28FA} = {C5EC916E-24F6-4B44-93FA-1365548435E2}
	EndGlobalSection
	GlobalSection(ExtensibilityGlobals) = postSolution
		SolutionGuid = {74339059-7257-461B-96F9-CF096BA51A4E}
	EndGlobalSection
EndGlobal
